
Microsoft Visual Studio Solution File, Format Version 12.00
# Visual Studio 15
VisualStudioVersion = 15.0.27428.2037
MinimumVisualStudioVersion = 10.0.40219.1
Project("{FAE04EC0-301F-11D3-BF4B-00C04F79EFBC}") = "TextAnalytics", "TextAnalytics\TextAnalytics.csproj", "{AEA69757-CFED-46B7-8777-65EA2584A90A}"
EndProject
Global
	GlobalSection(SolutionConfigurationPlatforms) = preSolution
		Debug|Any CPU = Debug|Any CPU
		Release|Any CPU = Release|Any CPU
	EndGlobalSection
	GlobalSection(ProjectConfigurationPlatforms) = postSolution
		{AEA69757-CFED-46B7-8777-65EA2584A90A}.Debug|Any CPU.ActiveCfg = Debug|Any CPU
		{AEA69757-CFED-46B7-8777-65EA2584A90A}.Debug|Any CPU.Build.0 = Debug|Any CPU
		{AEA69757-CFED-46B7-8777-65EA2584A90A}.Release|Any CPU.ActiveCfg = Release|Any CPU
		{AEA69757-CFED-46B7-8777-65EA2584A90A}.Release|Any CPU.Build.0 = Release|Any CPU
	EndGlobalSection
	GlobalSection(SolutionProperties) = preSolution
		HideSolutionNode = FALSE
	EndGlobalSection
	GlobalSection(ExtensibilityGlobals) = postSolution
		SolutionGuid = {A17AD59F-C4A3-4A67-A90D-5536D6330B5F}
	EndGlobalSection
EndGlobal
